{
  "name": "nodejs-vuln-package",
  "version": "1.0.0",
  "lockfileVersion": 1,
  "requires": true,
  "dependencies": {
    "algo-httpserv": {
      "version": "1.1.1",
      "resolved": "https://registry.npmjs.org/algo-httpserv/-/algo-httpserv-1.1.1.tgz",
      "integrity": "sha512-ck/LUNT/NITLNbuksLap3OTws+YvfjS3FhF0VBM/wPijlEoxQoiHB63ICtzJi4qhMCvbbpoWBncr/CPKCav1xA=="
    }
  }
}
