{
  "name": "nodejs-vuln-package",
  "version": "1.0.0",
  "lockfileVersion": 1,
  "requires": true,
  "dependencies": {
    "algo-httpserv": {
      "version": "1.1.2",
      "resolved": "https://registry.npmjs.org/algo-httpserv/-/algo-httpserv-1.1.2.tgz",
      "integrity": "sha512-ZUPIh+l3kN3pvHwvyfa2p58sQbeqvTAj7rpqKKbFC1oiHPRBQzzgtDrylaXJQDmvL71ACXCcY6pIQbI2nuZzHg=="
    }
  }
}
